
Microsoft Visual Studio Solution File, Format Version 12.00
# Visual Studio Version 17
VisualStudioVersion = 17.7.34221.43
MinimumVisualStudioVersion = 10.0.40219.1
Project("{FAE04EC0-301F-11D3-BF4B-00C04F79EFBC}") = "TraVeL", "TraVeL\TraVeL.csproj", "{2E4789DA-2166-4640-9C3D-766301BBE26B}"
EndProject
Project("{FAE04EC0-301F-11D3-BF4B-00C04F79EFBC}") = "TraVeL.Tests.xUnit", "TraVeL.Tests.xUnit\TraVeL.Tests.xUnit.csproj", "{6A5B8190-E46F-400B-ABCC-25136C61D68B}"
EndProject
Project("{9A19103F-16F7-4668-BE54-9A1E7A4F7556}") = "TraVeL.Core", "TraVeL.Core\TraVeL.Core.csproj", "{3130F042-6D18-4698-8C33-62BAFB7F141F}"
EndProject
Project("{9A19103F-16F7-4668-BE54-9A1E7A4F7556}") = "TraVeL.Core.Tests.xUnit", "TraVeL.Core.Tests.xUnit\TraVeL.Core.Tests.xUnit.csproj", "{13039954-FD0B-4122-9ECA-8856C1FAE536}"
EndProject
Global
	GlobalSection(SolutionConfigurationPlatforms) = preSolution
		Debug|Any CPU = Debug|Any CPU
		Debug|ARM = Debug|ARM
		Debug|ARM64 = Debug|ARM64
		Debug|x64 = Debug|x64
		Debug|x86 = Debug|x86
		Release|Any CPU = Release|Any CPU
		Release|ARM = Release|ARM
		Release|ARM64 = Release|ARM64
		Release|x64 = Release|x64
		Release|x86 = Release|x86
	EndGlobalSection
	GlobalSection(ProjectConfigurationPlatforms) = postSolution
		{2E4789DA-2166-4640-9C3D-766301BBE26B}.Debug|Any CPU.ActiveCfg = Debug|x64
		{2E4789DA-2166-4640-9C3D-766301BBE26B}.Debug|Any CPU.Build.0 = Debug|x64
		{2E4789DA-2166-4640-9C3D-766301BBE26B}.Debug|Any CPU.Deploy.0 = Debug|x64
		{2E4789DA-2166-4640-9C3D-766301BBE26B}.Debug|ARM.ActiveCfg = Debug|ARM
		{2E4789DA-2166-4640-9C3D-766301BBE26B}.Debug|ARM.Build.0 = Debug|ARM
		{2E4789DA-2166-4640-9C3D-766301BBE26B}.Debug|ARM.Deploy.0 = Debug|ARM
		{2E4789DA-2166-4640-9C3D-766301BBE26B}.Debug|ARM64.ActiveCfg = Debug|ARM64
		{2E4789DA-2166-4640-9C3D-766301BBE26B}.Debug|ARM64.Build.0 = Debug|ARM64
		{2E4789DA-2166-4640-9C3D-766301BBE26B}.Debug|ARM64.Deploy.0 = Debug|ARM64
		{2E4789DA-2166-4640-9C3D-766301BBE26B}.Debug|x64.ActiveCfg = Debug|x64
		{2E4789DA-2166-4640-9C3D-766301BBE26B}.Debug|x64.Build.0 = Debug|x64
		{2E4789DA-2166-4640-9C3D-766301BBE26B}.Debug|x64.Deploy.0 = Debug|x64
		{2E4789DA-2166-4640-9C3D-766301BBE26B}.Debug|x86.ActiveCfg = Debug|x86
		{2E4789DA-2166-4640-9C3D-766301BBE26B}.Debug|x86.Build.0 = Debug|x86
		{2E4789DA-2166-4640-9C3D-766301BBE26B}.Debug|x86.Deploy.0 = Debug|x86
		{2E4789DA-2166-4640-9C3D-766301BBE26B}.Release|Any CPU.ActiveCfg = Release|x64
		{2E4789DA-2166-4640-9C3D-766301BBE26B}.Release|Any CPU.Build.0 = Release|x64
		{2E4789DA-2166-4640-9C3D-766301BBE26B}.Release|Any CPU.Deploy.0 = Release|x64
		{2E4789DA-2166-4640-9C3D-766301BBE26B}.Release|ARM.ActiveCfg = Release|ARM
		{2E4789DA-2166-4640-9C3D-766301BBE26B}.Release|ARM.Build.0 = Release|ARM
		{2E4789DA-2166-4640-9C3D-766301BBE26B}.Release|ARM.Deploy.0 = Release|ARM
		{2E4789DA-2166-4640-9C3D-766301BBE26B}.Release|ARM64.ActiveCfg = Release|ARM64
		{2E4789DA-2166-4640-9C3D-766301BBE26B}.Release|ARM64.Build.0 = Release|ARM64
		{2E4789DA-2166-4640-9C3D-766301BBE26B}.Release|ARM64.Deploy.0 = Release|ARM64
		{2E4789DA-2166-4640-9C3D-766301BBE26B}.Release|x64.ActiveCfg = Release|x64
		{2E4789DA-2166-4640-9C3D-766301BBE26B}.Release|x64.Build.0 = Release|x64
		{2E4789DA-2166-4640-9C3D-766301BBE26B}.Release|x64.Deploy.0 = Release|x64
		{2E4789DA-2166-4640-9C3D-766301BBE26B}.Release|x86.ActiveCfg = Release|x86
		{2E4789DA-2166-4640-9C3D-766301BBE26B}.Release|x86.Build.0 = Release|x86
		{2E4789DA-2166-4640-9C3D-766301BBE26B}.Release|x86.Deploy.0 = Release|x86
		{6A5B8190-E46F-400B-ABCC-25136C61D68B}.Debug|Any CPU.ActiveCfg = Debug|x64
		{6A5B8190-E46F-400B-ABCC-25136C61D68B}.Debug|Any CPU.Build.0 = Debug|x64
		{6A5B8190-E46F-400B-ABCC-25136C61D68B}.Debug|Any CPU.Deploy.0 = Debug|x64
		{6A5B8190-E46F-400B-ABCC-25136C61D68B}.Debug|ARM.ActiveCfg = Debug|ARM
		{6A5B8190-E46F-400B-ABCC-25136C61D68B}.Debug|ARM.Build.0 = Debug|ARM
		{6A5B8190-E46F-400B-ABCC-25136C61D68B}.Debug|ARM.Deploy.0 = Debug|ARM
		{6A5B8190-E46F-400B-ABCC-25136C61D68B}.Debug|ARM64.ActiveCfg = Debug|x64
		{6A5B8190-E46F-400B-ABCC-25136C61D68B}.Debug|ARM64.Build.0 = Debug|x64
		{6A5B8190-E46F-400B-ABCC-25136C61D68B}.Debug|ARM64.Deploy.0 = Debug|x64
		{6A5B8190-E46F-400B-ABCC-25136C61D68B}.Debug|x64.ActiveCfg = Debug|x64
		{6A5B8190-E46F-400B-ABCC-25136C61D68B}.Debug|x64.Build.0 = Debug|x64
		{6A5B8190-E46F-400B-ABCC-25136C61D68B}.Debug|x64.Deploy.0 = Debug|x64
		{6A5B8190-E46F-400B-ABCC-25136C61D68B}.Debug|x86.ActiveCfg = Debug|x86
		{6A5B8190-E46F-400B-ABCC-25136C61D68B}.Debug|x86.Build.0 = Debug|x86
		{6A5B8190-E46F-400B-ABCC-25136C61D68B}.Debug|x86.Deploy.0 = Debug|x86
		{6A5B8190-E46F-400B-ABCC-25136C61D68B}.Release|Any CPU.ActiveCfg = Release|x64
		{6A5B8190-E46F-400B-ABCC-25136C61D68B}.Release|Any CPU.Build.0 = Release|x64
		{6A5B8190-E46F-400B-ABCC-25136C61D68B}.Release|Any CPU.Deploy.0 = Release|x64
		{6A5B8190-E46F-400B-ABCC-25136C61D68B}.Release|ARM.ActiveCfg = Release|ARM
		{6A5B8190-E46F-400B-ABCC-25136C61D68B}.Release|ARM.Build.0 = Release|ARM
		{6A5B8190-E46F-400B-ABCC-25136C61D68B}.Release|ARM.Deploy.0 = Release|ARM
		{6A5B8190-E46F-400B-ABCC-25136C61D68B}.Release|ARM64.ActiveCfg = Release|x64
		{6A5B8190-E46F-400B-ABCC-25136C61D68B}.Release|ARM64.Build.0 = Release|x64
		{6A5B8190-E46F-400B-ABCC-25136C61D68B}.Release|ARM64.Deploy.0 = Release|x64
		{6A5B8190-E46F-400B-ABCC-25136C61D68B}.Release|x64.ActiveCfg = Release|x64
		{6A5B8190-E46F-400B-ABCC-25136C61D68B}.Release|x64.Build.0 = Release|x64
		{6A5B8190-E46F-400B-ABCC-25136C61D68B}.Release|x64.Deploy.0 = Release|x64
		{6A5B8190-E46F-400B-ABCC-25136C61D68B}.Release|x86.ActiveCfg = Release|x86
		{6A5B8190-E46F-400B-ABCC-25136C61D68B}.Release|x86.Build.0 = Release|x86
		{6A5B8190-E46F-400B-ABCC-25136C61D68B}.Release|x86.Deploy.0 = Release|x86
		{3130F042-6D18-4698-8C33-62BAFB7F141F}.Debug|Any CPU.ActiveCfg = Debug|Any CPU
		{3130F042-6D18-4698-8C33-62BAFB7F141F}.Debug|Any CPU.Build.0 = Debug|Any CPU
		{3130F042-6D18-4698-8C33-62BAFB7F141F}.Debug|ARM.ActiveCfg = Debug|Any CPU
		{3130F042-6D18-4698-8C33-62BAFB7F141F}.Debug|ARM.Build.0 = Debug|Any CPU
		{3130F042-6D18-4698-8C33-62BAFB7F141F}.Debug|ARM64.ActiveCfg = Debug|Any CPU
		{3130F042-6D18-4698-8C33-62BAFB7F141F}.Debug|ARM64.Build.0 = Debug|Any CPU
		{3130F042-6D18-4698-8C33-62BAFB7F141F}.Debug|x64.ActiveCfg = Debug|Any CPU
		{3130F042-6D18-4698-8C33-62BAFB7F141F}.Debug|x64.Build.0 = Debug|Any CPU
		{3130F042-6D18-4698-8C33-62BAFB7F141F}.Debug|x86.ActiveCfg = Debug|Any CPU
		{3130F042-6D18-4698-8C33-62BAFB7F141F}.Debug|x86.Build.0 = Debug|Any CPU
		{3130F042-6D18-4698-8C33-62BAFB7F141F}.Release|Any CPU.ActiveCfg = Release|Any CPU
		{3130F042-6D18-4698-8C33-62BAFB7F141F}.Release|Any CPU.Build.0 = Release|Any CPU
		{3130F042-6D18-4698-8C33-62BAFB7F141F}.Release|ARM.ActiveCfg = Release|Any CPU
		{3130F042-6D18-4698-8C33-62BAFB7F141F}.Release|ARM.Build.0 = Release|Any CPU
		{3130F042-6D18-4698-8C33-62BAFB7F141F}.Release|ARM64.ActiveCfg = Release|Any CPU
		{3130F042-6D18-4698-8C33-62BAFB7F141F}.Release|ARM64.Build.0 = Release|Any CPU
		{3130F042-6D18-4698-8C33-62BAFB7F141F}.Release|x64.ActiveCfg = Release|Any CPU
		{3130F042-6D18-4698-8C33-62BAFB7F141F}.Release|x64.Build.0 = Release|Any CPU
		{3130F042-6D18-4698-8C33-62BAFB7F141F}.Release|x86.ActiveCfg = Release|Any CPU
		{3130F042-6D18-4698-8C33-62BAFB7F141F}.Release|x86.Build.0 = Release|Any CPU
		{13039954-FD0B-4122-9ECA-8856C1FAE536}.Debug|Any CPU.ActiveCfg = Debug|Any CPU
		{13039954-FD0B-4122-9ECA-8856C1FAE536}.Debug|Any CPU.Build.0 = Debug|Any CPU
		{13039954-FD0B-4122-9ECA-8856C1FAE536}.Debug|ARM.ActiveCfg = Debug|Any CPU
		{13039954-FD0B-4122-9ECA-8856C1FAE536}.Debug|ARM.Build.0 = Debug|Any CPU
		{13039954-FD0B-4122-9ECA-8856C1FAE536}.Debug|ARM64.ActiveCfg = Debug|Any CPU
		{13039954-FD0B-4122-9ECA-8856C1FAE536}.Debug|ARM64.Build.0 = Debug|Any CPU
		{13039954-FD0B-4122-9ECA-8856C1FAE536}.Debug|x64.ActiveCfg = Debug|Any CPU
		{13039954-FD0B-4122-9ECA-8856C1FAE536}.Debug|x64.Build.0 = Debug|Any CPU
		{13039954-FD0B-4122-9ECA-8856C1FAE536}.Debug|x86.ActiveCfg = Debug|Any CPU
		{13039954-FD0B-4122-9ECA-8856C1FAE536}.Debug|x86.Build.0 = Debug|Any CPU
		{13039954-FD0B-4122-9ECA-8856C1FAE536}.Release|Any CPU.ActiveCfg = Release|Any CPU
		{13039954-FD0B-4122-9ECA-8856C1FAE536}.Release|Any CPU.Build.0 = Release|Any CPU
		{13039954-FD0B-4122-9ECA-8856C1FAE536}.Release|ARM.ActiveCfg = Release|Any CPU
		{13039954-FD0B-4122-9ECA-8856C1FAE536}.Release|ARM.Build.0 = Release|Any CPU
		{13039954-FD0B-4122-9ECA-8856C1FAE536}.Release|ARM64.ActiveCfg = Release|Any CPU
		{13039954-FD0B-4122-9ECA-8856C1FAE536}.Release|ARM64.Build.0 = Release|Any CPU
		{13039954-FD0B-4122-9ECA-8856C1FAE536}.Release|x64.ActiveCfg = Release|Any CPU
		{13039954-FD0B-4122-9ECA-8856C1FAE536}.Release|x64.Build.0 = Release|Any CPU
		{13039954-FD0B-4122-9ECA-8856C1FAE536}.Release|x86.ActiveCfg = Release|Any CPU
		{13039954-FD0B-4122-9ECA-8856C1FAE536}.Release|x86.Build.0 = Release|Any CPU
	EndGlobalSection
	GlobalSection(SolutionProperties) = preSolution
		HideSolutionNode = FALSE
	EndGlobalSection
	GlobalSection(ExtensibilityGlobals) = postSolution
		SolutionGuid = {CAA296E7-3223-4A90-B154-5B13395A505E}
	EndGlobalSection
EndGlobal
